// !$*UTF8*$!
{
	archiveVersion = 1;
	classes = {
	};
	objectVersion = 46;
	objects = {

/* Begin PBXBuildFile section */
		4B3581221C7500F3003C513F /* AppDelegate.swift in Sources */ = {isa = PBXBuildFile; fileRef = 4B3581211C7500F3003C513F /* AppDelegate.swift */; };
		4B3581241C7500F3003C513F /* ViewController.swift in Sources */ = {isa = PBXBuildFile; fileRef = 4B3581231C7500F3003C513F /* ViewController.swift */; };
		4B3581271C7500F3003C513F /* Main.storyboard in Resources */ = {isa = PBXBuildFile; fileRef = 4B3581251C7500F3003C513F /* Main.storyboard */; };
		4B3581291C7500F3003C513F /* Assets.xcassets in Resources */ = {isa = PBXBuildFile; fileRef = 4B3581281C7500F3003C513F /* Assets.xcassets */; };
		4B35812C1C7500F3003C513F /* LaunchScreen.storyboard in Resources */ = {isa = PBXBuildFile; fileRef = 4B35812A1C7500F3003C513F /* LaunchScreen.storyboard */; };
		4B3581341C7502B5003C513F /* Datos.swift in Sources */ = {isa = PBXBuildFile; fileRef = 4B3581331C7502B5003C513F /* Datos.swift */; };
/* End PBXBuildFile section */

/* Begin PBXFileReference section */
		4B35811E1C7500F3003C513F /* Hamburguesas.app */ = {isa = PBXFileReference; explicitFileType = wrapper.application; includeInIndex = 0; path = Hamburguesas.app; sourceTree = BUILT_PRODUCTS_DIR; };
		4B3581211C7500F3003C513F /* AppDelegate.swift */ = {isa = PBXFileReference; lastKnownFileType = sourcecode.swift; path = AppDelegate.swift; sourceTree = "<group>"; };
		4B3581231C7500F3003C513F /* ViewController.swift */ = {isa = PBXFileReference; lastKnownFileType = sourcecode.swift; path = ViewController.swift; sourceTree = "<group>"; };
		4B3581261C7500F3003C513F /* Base */ = {isa = PBXFileReference; lastKnownFileType = file.storyboard; name = Base; path = Base.lproj/Main.storyboard; sourceTree = "<group>"; };
		4B3581281C7500F3003C513F /* Assets.xcassets */ = {isa = PBXFileReference; lastKnownFileType = folder.assetcatalog; path = Assets.xcassets; sourceTree = "<group>"; };
		4B35812B1C7500F3003C513F /* Base */ = {isa = PBXFileReference; lastKnownFileType = file.storyboard; name = Base; path = Base.lproj/LaunchScreen.storyboard; sourceTree = "<group>"; };
		4B35812D1C7500F3003C513F /* Info.plist */ = {isa = PBXFileReference; lastKnownFileType = text.plist.xml; path = Info.plist; sourceTree = "<group>"; };
		4B3581331C7502B5003C513F /* Datos.swift */ = {isa = PBXFileReference; fileEncoding = 4; lastKnownFileType = sourcecode.swift; path = Datos.swift; sourceTree = "<group>"; };
/* End PBXFileReference section */

/* Begin PBXFrameworksBuildPhase section */
		4B35811B1C7500F3003C513F /* Frameworks */ = {
			isa = PBXFrameworksBuildPhase;
			buildActionMask = 2147483647;
			files = (
			);
			runOnlyForDeploymentPostprocessing = 0;
		};
/* End PBXFrameworksBuildPhase section */

/* Begin PBXGroup section */
		4B3581151C7500F3003C513F = {
			isa = PBXGroup;
			children = (
				4B3581201C7500F3003C513F /* Hamburguesas */,
				4B35811F1C7500F3003C513F /* Products */,
			);
			sourceTree = "<group>";
		};
		4B35811F1C7500F3003C513F /* Products */ = {
			isa = PBXGroup;
			children = (
				4B35811E1C7500F3003C513F /* Hamburguesas.app */,
			);
			name = Products;
			sourceTree = "<group>";
		};
		4B3581201C7500F3003C513F /* Hamburguesas */ = {
			isa = PBXGroup;
			children = (
				4B3581211C7500F3003C513F /* AppDelegate.swift */,
				4B3581231C7500F3003C513F /* ViewController.swift */,
				4B3581251C7500F3003C513F /* Main.storyboard */,
				4B3581281C7500F3003C513F /* Assets.xcassets */,
				4B35812A1C7500F3003C513F /* LaunchScreen.storyboard */,
				4B35812D1C7500F3003C513F /* Info.plist */,
				4B3581331C7502B5003C513F /* Datos.swift */,
			);
			path = Hamburguesas;
			sourceTree = "<group>";
		};
/* End PBXGroup section */

/* Begin PBXNativeTarget section */
		4B35811D1C7500F3003C513F /* Hamburguesas */ = {
			isa = PBXNativeTarget;
			buildConfigurationList = 4B3581301C7500F3003C513F /* Build configuration list for PBXNativeTarget "Hamburguesas" */;
			buildPhases = (
				4B35811A1C7500F3003C513F /* Sources */,
				4B35811B1C7500F3003C513F /* Frameworks */,
				4B35811C1C7500F3003C513F /* Resources */,
			);
			buildRules = (
			);
			dependencies = (
			);
			name = Hamburguesas;
			productName = Hamburguesas;
			productReference = 4B35811E1C7500F3003C513F /* Hamburguesas.app */;
			productType = "com.apple.product-type.application";
		};
/* End PBXNativeTarget section */

/* Begin PBXProject section */
		4B3581161C7500F3003C513F /* Project object */ = {
			isa = PBXProject;
			attributes = {
				LastSwiftUpdateCheck = 0720;
				LastUpgradeCheck = 0720;
				ORGANIZATIONNAME = "Julio Poemape";
				TargetAttributes = {
					4B35811D1C7500F3003C513F = {
						CreatedOnToolsVersion = 7.2.1;
						DevelopmentTeam = XMWYP8W82Z;
					};
				};
			};
			buildConfigurationList = 4B3581191C7500F3003C513F /* Build configuration list for PBXProject "Hamburguesas" */;
			compatibilityVersion = "Xcode 3.2";
			developmentRegion = English;
			hasScannedForEncodings = 0;
			knownRegions = (
				en,
				Base,
			);
			mainGroup = 4B3581151C7500F3003C513F;
			productRefGroup = 4B35811F1C7500F3003C513F /* Products */;
			projectDirPath = "";
			projectRoot = "";
			targets = (
				4B35811D1C7500F3003C513F /* Hamburguesas */,
			);
		};
/* End PBXProject section */

/* Begin PBXResourcesBuildPhase section */
		4B35811C1C7500F3003C513F /* Resources */ = {
			isa = PBXResourcesBuildPhase;
			buildActionMask = 2147483647;
			files = (
				4B35812C1C7500F3003C513F /* LaunchScreen.storyboard in Resources */,
				4B3581291C7500F3003C513F /* Assets.xcassets in Resources */,
				4B3581271C7500F3003C513F /* Main.storyboard in Resources */,
			);
			runOnlyForDeploymentPostprocessing = 0;
		};
/* End PBXResourcesBuildPhase section */

/* Begin PBXSourcesBuildPhase section */
		4B35811A1C7500F3003C513F /* Sources */ = {
			isa = PBXSourcesBuildPhase;
			buildActionMask = 2147483647;
			files = (
				4B3581241C7500F3003C513F /* ViewController.swift in Sources */,
				4B3581221C7500F3003C513F /* AppDelegate.swift in Sources */,
				4B3581341C7502B5003C513F /* Datos.swift in Sources */,
			);
			runOnlyForDeploymentPostprocessing = 0;
		};
/* End PBXSourcesBuildPhase section */

/* Begin PBXVariantGroup section */
		4B3581251C7500F3003C513F /* Main.storyboard */ = {
			isa = PBXVariantGroup;
			children = (
				4B3581261C7500F3003C513F /* Base */,
			);
			name = Main.storyboard;
			sourceTree = "<group>";
		};
		4B35812A1C7500F3003C513F /* LaunchScreen.storyboard */ = {
			isa = PBXVariantGroup;
			children = (
				4B35812B1C7500F3003C513F /* Base */,
			);
			name = LaunchScreen.storyboard;
			sourceTree = "<group>";
		};
/* End PBXVariantGroup section */

/* Begin XCBuildConfiguration section */
		4B35812E1C7500F3003C513F /* Debug */ = {
			isa = XCBuildConfiguration;
			buildSettings = {
				ALWAYS_SEARCH_USER_PATHS = NO;
				CLANG_CXX_LANGUAGE_STANDARD = "gnu++0x";
				CLANG_CXX_LIBRARY = "libc++";
				CLANG_ENABLE_MODULES = YES;
				CLANG_ENABLE_OBJC_ARC = YES;
				CLANG_WARN_BOOL_CONVERSION = YES;
				CLANG_WARN_CONSTANT_CONVERSION = YES;
				CLANG_WARN_DIRECT_OBJC_ISA_USAGE = YES_ERROR;
				CLANG_WARN_EMPTY_BODY = YES;
				CLANG_WARN_ENUM_CONVERSION = YES;
				CLANG_WARN_INT_CONVERSION = YES;
				CLANG_WARN_OBJC_ROOT_CLASS = YES_ERROR;
				CLANG_WARN_UNREACHABLE_CODE = YES;
				CLANG_WARN__DUPLICATE_METHOD_MATCH = YES;
				"CODE_SIGN_IDENTITY[sdk=iphoneos*]" = "iPhone Developer";
				COPY_PHASE_STRIP = NO;
				DEBUG_INFORMATION_FORMAT = dwarf;
				ENABLE_STRICT_OBJC_MSGSEND = YES;
				ENABLE_TESTABILITY = YES;
				GCC_C_LANGUAGE_STANDARD = gnu99;
				GCC_DYNAMIC_NO_PIC = NO;
				GCC_NO_COMMON_BLOCKS = YES;
				GCC_OPTIMIZATION_LEVEL = 0;
				GCC_PREPROCESSOR_DEFINITIONS = (
					"DEBUG=1",
					"$(inherited)",
				);
				GCC_WARN_64_TO_32_BIT_CONVERSION = YES;
				GCC_WARN_ABOUT_RETURN_TYPE = YES_ERROR;
				GCC_WARN_UNDECLARED_SELECTOR = YES;
				GCC_WARN_UNINITIALIZED_AUTOS = YES_AGGRESSIVE;
				GCC_WARN_UNUSED_FUNCTION = YES;
				GCC_WARN_UNUSED_VARIABLE = YES;
				IPHONEOS_DEPLOYMENT_TARGET = 9.2;
				MTL_ENABLE_DEBUG_INFO = YES;
				ONLY_ACTIVE_ARCH = YES;
				SDKROOT = iphoneos;
				SWIFT_OPTIMIZATION_LEVEL = "-Onone";
			};
			name = Debug;
		};
		4B35812F1C7500F3003C513F /* Release */ = {
			isa = XCBuildConfiguration;
			buildSettings = {
				ALWAYS_SEARCH_USER_PATHS = NO;
				CLANG_CXX_LANGUAGE_STANDARD = "gnu++0x";
				CLANG_CXX_LIBRARY = "libc++";
				CLANG_ENABLE_MODULES = YES;
				CLANG_ENABLE_OBJC_ARC = YES;
				CLANG_WARN_BOOL_CONVERSION = YES;
				CLANG_WARN_CONSTANT_CONVERSION = YES;
				CLANG_WARN_DIRECT_OBJC_ISA_USAGE = YES_ERROR;
				CLANG_WARN_EMPTY_BODY = YES;
				CLANG_WARN_ENUM_CONVERSION = YES;
				CLANG_WARN_INT_CONVERSION = YES;
				CLANG_WARN_OBJC_ROOT_CLASS = YES_ERROR;
				CLANG_WARN_UNREACHABLE_CODE = YES;
				CLANG_WARN__DUPLICATE_METHOD_MATCH = YES;
				"CODE_SIGN_IDENTITY[sdk=iphoneos*]" = "iPhone Developer";
				COPY_PHASE_STRIP = NO;
				DEBUG_INFORMATION_FORMAT = "dwarf-with-dsym";
				ENABLE_NS_ASSERTIONS = NO;
				ENABLE_STRICT_OBJC_MSGSEND = YES;
				GCC_C_LANGUAGE_STANDARD = gnu99;
				GCC_NO_COMMON_BLOCKS = YES;
				GCC_WARN_64_TO_32_BIT_CONVERSION = YES;
				GCC_WARN_ABOUT_RETURN_TYPE = YES_ERROR;
				GCC_WARN_UNDECLARED_SELECTOR = YES;
				GCC_WARN_UNINITIALIZED_AUTOS = YES_AGGRESSIVE;
				GCC_WARN_UNUSED_FUNCTION = YES;
				GCC_WARN_UNUSED_VARIABLE = YES;
				IPHONEOS_DEPLOYMENT_TARGET = 9.2;
				MTL_ENABLE_DEBUG_INFO = NO;
				SDKROOT = iphoneos;
				VALIDATE_PRODUCT = YES;
			};
			name = Release;
		};
		4B3581311C7500F3003C513F /* Debug */ = {
			isa = XCBuildConfiguration;
			buildSettings = {
				ASSETCATALOG_COMPILER_APPICON_NAME = AppIcon;
				INFOPLIST_FILE = Hamburguesas/Info.plist;
				LD_RUNPATH_SEARCH_PATHS = "$(inherited) @executable_path/Frameworks";
				PRODUCT_BUNDLE_IDENTIFIER = com.company.Hamburguesas;
				PRODUCT_NAME = "$(TARGET_NAME)";
			};
			name = Debug;
		};
		4B3581321C7500F3003C513F /* Release */ = {
			isa = XCBuildConfiguration;
			buildSettings = {
				ASSETCATALOG_COMPILER_APPICON_NAME = AppIcon;
				INFOPLIST_FILE = Hamburguesas/Info.plist;
				LD_RUNPATH_SEARCH_PATHS = "$(inherited) @executable_path/Frameworks";
				PRODUCT_BUNDLE_IDENTIFIER = com.company.Hamburguesas;
				PRODUCT_NAME = "$(TARGET_NAME)";
			};
			name = Release;
		};
/* End XCBuildConfiguration section */

/* Begin XCConfigurationList section */
		4B3581191C7500F3003C513F /* Build configuration list for PBXProject "Hamburguesas" */ = {
			isa = XCConfigurationList;
			buildConfigurations = (
				4B35812E1C7500F3003C513F /* Debug */,
				4B35812F1C7500F3003C513F /* Release */,
			);
			defaultConfigurationIsVisible = 0;
			defaultConfigurationName = Release;
		};
		4B3581301C7500F3003C513F /* Build configuration list for PBXNativeTarget "Hamburguesas" */ = {
			isa = XCConfigurationList;
			buildConfigurations = (
				4B3581311C7500F3003C513F /* Debug */,
				4B3581321C7500F3003C513F /* Release */,
			);
			defaultConfigurationIsVisible = 0;
		};
/* End XCConfigurationList section */
	};
	rootObject = 4B3581161C7500F3003C513F /* Project object */;
}
